// !$*UTF8*$!
{
	archiveVersion = 1;
	classes = {
	};
	objectVersion = 56;
	objects = {

/* Begin PBXBuildFile section */
		16687B742DC920EF004F9969 /* RandomFriendsView.swift in Sources */ = {isa = PBXBuildFile; fileRef = 16687B732DC920EF004F9969 /* RandomFriendsView.swift */; };
		16687B762DC920F0004F9969 /* Assets.xcassets in Resources */ = {isa = PBXBuildFile; fileRef = 16687B752DC920F0004F9969 /* Assets.xcassets */; };
		16687B792DC920F0004F9969 /* Preview Assets.xcassets in Resources */ = {isa = PBXBuildFile; fileRef = 16687B782DC920F0004F9969 /* Preview Assets.xcassets */; };
		16687B842DC920F1004F9969 /* FriendsAppStarterTests.swift in Sources */ = {isa = PBXBuildFile; fileRef = 16687B832DC920F1004F9969 /* FriendsAppStarterTests.swift */; };
		16687B8E2DC920F1004F9969 /* FriendsAppStarterUITests.swift in Sources */ = {isa = PBXBuildFile; fileRef = 16687B8D2DC920F1004F9969 /* FriendsAppStarterUITests.swift */; };
		16687B902DC920F1004F9969 /* FriendsAppStarterUITestsLaunchTests.swift in Sources */ = {isa = PBXBuildFile; fileRef = 16687B8F2DC920F1004F9969 /* FriendsAppStarterUITestsLaunchTests.swift */; };
		16687B9D2DC9210E004F9969 /* Friend.swift in Sources */ = {isa = PBXBuildFile; fileRef = 16687B9C2DC9210E004F9969 /* Friend.swift */; };
		16687B9F2DC9223A004F9969 /* FriendDetailView.swift in Sources */ = {isa = PBXBuildFile; fileRef = 16687B9E2DC9223A004F9969 /* FriendDetailView.swift */; };
		16687BA12DC92266004F9969 /* FriendsViewModel.swift in Sources */ = {isa = PBXBuildFile; fileRef = 16687BA02DC92266004F9969 /* FriendsViewModel.swift */; };
		16687BA32DC9228A004F9969 /* FriendsListView.swift in Sources */ = {isa = PBXBuildFile; fileRef = 16687BA22DC9228A004F9969 /* FriendsListView.swift */; };
		16687BA92DC924EC004F9969 /* FriendRowView.swift in Sources */ = {isa = PBXBuildFile; fileRef = 16687BA82DC924EC004F9969 /* FriendRowView.swift */; };
		16687BAE2DC9253B004F9969 /* FriendsService.swift in Sources */ = {isa = PBXBuildFile; fileRef = 16687BAD2DC9253B004F9969 /* FriendsService.swift */; };
		16687BB12DCA1774004F9969 /* FriendsApp.swift in Sources */ = {isa = PBXBuildFile; fileRef = 16687BB02DCA1774004F9969 /* FriendsApp.swift */; };
		16687BB32DCA1CC6004F9969 /* AddEditFriendView.swift in Sources */ = {isa = PBXBuildFile; fileRef = 16687BB22DCA1CC6004F9969 /* AddEditFriendView.swift */; };
		16687BB52DCA1D77004F9969 /* TagViews.swift in Sources */ = {isa = PBXBuildFile; fileRef = 16687BB42DCA1D77004F9969 /* TagViews.swift */; };
		16687BB72DCA1DD6004F9969 /* AvatarView.swift in Sources */ = {isa = PBXBuildFile; fileRef = 16687BB62DCA1DD6004F9969 /* AvatarView.swift */; };
/* End PBXBuildFile section */

/* Begin PBXContainerItemProxy section */
		16687B802DC920F1004F9969 /* PBXContainerItemProxy */ = {
			isa = PBXContainerItemProxy;
			containerPortal = 16687B662DC920EF004F9969 /* Project object */;
			proxyType = 1;
			remoteGlobalIDString = 16687B6D2DC920EF004F9969;
			remoteInfo = FriendsAppStarter;
		};
		16687B8A2DC920F1004F9969 /* PBXContainerItemProxy */ = {
			isa = PBXContainerItemProxy;
			containerPortal = 16687B662DC920EF004F9969 /* Project object */;
			proxyType = 1;
			remoteGlobalIDString = 16687B6D2DC920EF004F9969;
			remoteInfo = FriendsAppStarter;
		};
/* End PBXContainerItemProxy section */

/* Begin PBXFileReference section */
		16687B6E2DC920EF004F9969 /* FriendsAppStarter.app */ = {isa = PBXFileReference; explicitFileType = wrapper.application; includeInIndex = 0; path = FriendsAppStarter.app; sourceTree = BUILT_PRODUCTS_DIR; };
		16687B732DC920EF004F9969 /* RandomFriendsView.swift */ = {isa = PBXFileReference; lastKnownFileType = sourcecode.swift; path = RandomFriendsView.swift; sourceTree = "<group>"; };
		16687B752DC920F0004F9969 /* Assets.xcassets */ = {isa = PBXFileReference; lastKnownFileType = folder.assetcatalog; path = Assets.xcassets; sourceTree = "<group>"; };
		16687B782DC920F0004F9969 /* Preview Assets.xcassets */ = {isa = PBXFileReference; lastKnownFileType = folder.assetcatalog; path = "Preview Assets.xcassets"; sourceTree = "<group>"; };
		16687B7A2DC920F0004F9969 /* FriendsAppStarter.entitlements */ = {isa = PBXFileReference; lastKnownFileType = text.plist.entitlements; path = FriendsAppStarter.entitlements; sourceTree = "<group>"; };
		16687B7F2DC920F1004F9969 /* FriendsAppStarterTests.xctest */ = {isa = PBXFileReference; explicitFileType = wrapper.cfbundle; includeInIndex = 0; path = FriendsAppStarterTests.xctest; sourceTree = BUILT_PRODUCTS_DIR; };
		16687B832DC920F1004F9969 /* FriendsAppStarterTests.swift */ = {isa = PBXFileReference; lastKnownFileType = sourcecode.swift; path = FriendsAppStarterTests.swift; sourceTree = "<group>"; };
		16687B892DC920F1004F9969 /* FriendsAppStarterUITests.xctest */ = {isa = PBXFileReference; explicitFileType = wrapper.cfbundle; includeInIndex = 0; path = FriendsAppStarterUITests.xctest; sourceTree = BUILT_PRODUCTS_DIR; };
		16687B8D2DC920F1004F9969 /* FriendsAppStarterUITests.swift */ = {isa = PBXFileReference; lastKnownFileType = sourcecode.swift; path = FriendsAppStarterUITests.swift; sourceTree = "<group>"; };
		16687B8F2DC920F1004F9969 /* FriendsAppStarterUITestsLaunchTests.swift */ = {isa = PBXFileReference; lastKnownFileType = sourcecode.swift; path = FriendsAppStarterUITestsLaunchTests.swift; sourceTree = "<group>"; };
		16687B9C2DC9210E004F9969 /* Friend.swift */ = {isa = PBXFileReference; lastKnownFileType = sourcecode.swift; path = Friend.swift; sourceTree = "<group>"; };
		16687B9E2DC9223A004F9969 /* FriendDetailView.swift */ = {isa = PBXFileReference; lastKnownFileType = sourcecode.swift; path = FriendDetailView.swift; sourceTree = "<group>"; };
		16687BA02DC92266004F9969 /* FriendsViewModel.swift */ = {isa = PBXFileReference; lastKnownFileType = sourcecode.swift; path = FriendsViewModel.swift; sourceTree = "<group>"; };
		16687BA22DC9228A004F9969 /* FriendsListView.swift */ = {isa = PBXFileReference; lastKnownFileType = sourcecode.swift; path = FriendsListView.swift; sourceTree = "<group>"; };
		16687BA82DC924EC004F9969 /* FriendRowView.swift */ = {isa = PBXFileReference; lastKnownFileType = sourcecode.swift; path = FriendRowView.swift; sourceTree = "<group>"; };
		16687BAD2DC9253B004F9969 /* FriendsService.swift */ = {isa = PBXFileReference; lastKnownFileType = sourcecode.swift; path = FriendsService.swift; sourceTree = "<group>"; };
		16687BB02DCA1774004F9969 /* FriendsApp.swift */ = {isa = PBXFileReference; lastKnownFileType = sourcecode.swift; path = FriendsApp.swift; sourceTree = "<group>"; };
		16687BB22DCA1CC6004F9969 /* AddEditFriendView.swift */ = {isa = PBXFileReference; lastKnownFileType = sourcecode.swift; path = AddEditFriendView.swift; sourceTree = "<group>"; };
		16687BB42DCA1D77004F9969 /* TagViews.swift */ = {isa = PBXFileReference; lastKnownFileType = sourcecode.swift; path = TagViews.swift; sourceTree = "<group>"; };
		16687BB62DCA1DD6004F9969 /* AvatarView.swift */ = {isa = PBXFileReference; lastKnownFileType = sourcecode.swift; path = AvatarView.swift; sourceTree = "<group>"; };
/* End PBXFileReference section */

/* Begin PBXFrameworksBuildPhase section */
		16687B6B2DC920EF004F9969 /* Frameworks */ = {
			isa = PBXFrameworksBuildPhase;
			buildActionMask = 2147483647;
			files = (
			);
			runOnlyForDeploymentPostprocessing = 0;
		};
		16687B7C2DC920F1004F9969 /* Frameworks */ = {
			isa = PBXFrameworksBuildPhase;
			buildActionMask = 2147483647;
			files = (
			);
			runOnlyForDeploymentPostprocessing = 0;
		};
		16687B862DC920F1004F9969 /* Frameworks */ = {
			isa = PBXFrameworksBuildPhase;
			buildActionMask = 2147483647;
			files = (
			);
			runOnlyForDeploymentPostprocessing = 0;
		};
/* End PBXFrameworksBuildPhase section */

/* Begin PBXGroup section */
		16687B652DC920EF004F9969 = {
			isa = PBXGroup;
			children = (
				16687B702DC920EF004F9969 /* FriendsAppStarter */,
				16687B822DC920F1004F9969 /* FriendsAppStarterTests */,
				16687B8C2DC920F1004F9969 /* FriendsAppStarterUITests */,
				16687B6F2DC920EF004F9969 /* Products */,
			);
			sourceTree = "<group>";
		};
		16687B6F2DC920EF004F9969 /* Products */ = {
			isa = PBXGroup;
			children = (
				16687B6E2DC920EF004F9969 /* FriendsAppStarter.app */,
				16687B7F2DC920F1004F9969 /* FriendsAppStarterTests.xctest */,
				16687B892DC920F1004F9969 /* FriendsAppStarterUITests.xctest */,
			);
			name = Products;
			sourceTree = "<group>";
		};
		16687B702DC920EF004F9969 /* FriendsAppStarter */ = {
			isa = PBXGroup;
			children = (
				16687BB02DCA1774004F9969 /* FriendsApp.swift */,
				16687B9C2DC9210E004F9969 /* Friend.swift */,
				16687BAD2DC9253B004F9969 /* FriendsService.swift */,
				16687BAC2DC92501004F9969 /* Views */,
				16687B752DC920F0004F9969 /* Assets.xcassets */,
				16687B7A2DC920F0004F9969 /* FriendsAppStarter.entitlements */,
				16687B772DC920F0004F9969 /* Preview Content */,
			);
			path = FriendsAppStarter;
			sourceTree = "<group>";
		};
		16687B772DC920F0004F9969 /* Preview Content */ = {
			isa = PBXGroup;
			children = (
				16687B782DC920F0004F9969 /* Preview Assets.xcassets */,
			);
			path = "Preview Content";
			sourceTree = "<group>";
		};
		16687B822DC920F1004F9969 /* FriendsAppStarterTests */ = {
			isa = PBXGroup;
			children = (
				16687B832DC920F1004F9969 /* FriendsAppStarterTests.swift */,
			);
			path = FriendsAppStarterTests;
			sourceTree = "<group>";
		};
		16687B8C2DC920F1004F9969 /* FriendsAppStarterUITests */ = {
			isa = PBXGroup;
			children = (
				16687B8D2DC920F1004F9969 /* FriendsAppStarterUITests.swift */,
				16687B8F2DC920F1004F9969 /* FriendsAppStarterUITestsLaunchTests.swift */,
			);
			path = FriendsAppStarterUITests;
			sourceTree = "<group>";
		};
		16687BAC2DC92501004F9969 /* Views */ = {
			isa = PBXGroup;
			children = (
				16687BB42DCA1D77004F9969 /* TagViews.swift */,
				16687BA22DC9228A004F9969 /* FriendsListView.swift */,
				16687B9E2DC9223A004F9969 /* FriendDetailView.swift */,
				16687BB22DCA1CC6004F9969 /* AddEditFriendView.swift */,
				16687B732DC920EF004F9969 /* RandomFriendsView.swift */,
				16687BB62DCA1DD6004F9969 /* AvatarView.swift */,
				16687BA82DC924EC004F9969 /* FriendRowView.swift */,
				16687BA02DC92266004F9969 /* FriendsViewModel.swift */,
			);
			path = Views;
			sourceTree = "<group>";
		};
/* End PBXGroup section */

/* Begin PBXNativeTarget section */
		16687B6D2DC920EF004F9969 /* FriendsAppStarter */ = {
			isa = PBXNativeTarget;
			buildConfigurationList = 16687B932DC920F1004F9969 /* Build configuration list for PBXNativeTarget "FriendsAppStarter" */;
			buildPhases = (
				16687B6A2DC920EF004F9969 /* Sources */,
				16687B6B2DC920EF004F9969 /* Frameworks */,
				16687B6C2DC920EF004F9969 /* Resources */,
			);
			buildRules = (
			);
			dependencies = (
			);
			name = FriendsAppStarter;
			productName = FriendsAppStarter;
			productReference = 16687B6E2DC920EF004F9969 /* FriendsAppStarter.app */;
			productType = "com.apple.product-type.application";
		};
		16687B7E2DC920F1004F9969 /* FriendsAppStarterTests */ = {
			isa = PBXNativeTarget;
			buildConfigurationList = 16687B962DC920F1004F9969 /* Build configuration list for PBXNativeTarget "FriendsAppStarterTests" */;
			buildPhases = (
				16687B7B2DC920F1004F9969 /* Sources */,
				16687B7C2DC920F1004F9969 /* Frameworks */,
				16687B7D2DC920F1004F9969 /* Resources */,
			);
			buildRules = (
			);
			dependencies = (
				16687B812DC920F1004F9969 /* PBXTargetDependency */,
			);
			name = FriendsAppStarterTests;
			productName = FriendsAppStarterTests;
			productReference = 16687B7F2DC920F1004F9969 /* FriendsAppStarterTests.xctest */;
			productType = "com.apple.product-type.bundle.unit-test";
		};
		16687B882DC920F1004F9969 /* FriendsAppStarterUITests */ = {
			isa = PBXNativeTarget;
			buildConfigurationList = 16687B992DC920F1004F9969 /* Build configuration list for PBXNativeTarget "FriendsAppStarterUITests" */;
			buildPhases = (
				16687B852DC920F1004F9969 /* Sources */,
				16687B862DC920F1004F9969 /* Frameworks */,
				16687B872DC920F1004F9969 /* Resources */,
			);
			buildRules = (
			);
			dependencies = (
				16687B8B2DC920F1004F9969 /* PBXTargetDependency */,
			);
			name = FriendsAppStarterUITests;
			productName = FriendsAppStarterUITests;
			productReference = 16687B892DC920F1004F9969 /* FriendsAppStarterUITests.xctest */;
			productType = "com.apple.product-type.bundle.ui-testing";
		};
/* End PBXNativeTarget section */

/* Begin PBXProject section */
		16687B662DC920EF004F9969 /* Project object */ = {
			isa = PBXProject;
			attributes = {
				BuildIndependentTargetsInParallel = 1;
				LastSwiftUpdateCheck = 1420;
				LastUpgradeCheck = 1420;
				TargetAttributes = {
					16687B6D2DC920EF004F9969 = {
						CreatedOnToolsVersion = 14.2;
					};
					16687B7E2DC920F1004F9969 = {
						CreatedOnToolsVersion = 14.2;
						TestTargetID = 16687B6D2DC920EF004F9969;
					};
					16687B882DC920F1004F9969 = {
						CreatedOnToolsVersion = 14.2;
						TestTargetID = 16687B6D2DC920EF004F9969;
					};
				};
			};
			buildConfigurationList = 16687B692DC920EF004F9969 /* Build configuration list for PBXProject "FriendsAppStarter" */;
			compatibilityVersion = "Xcode 14.0";
			developmentRegion = en;
			hasScannedForEncodings = 0;
			knownRegions = (
				en,
				Base,
			);
			mainGroup = 16687B652DC920EF004F9969;
			productRefGroup = 16687B6F2DC920EF004F9969 /* Products */;
			projectDirPath = "";
			projectRoot = "";
			targets = (
				16687B6D2DC920EF004F9969 /* FriendsAppStarter */,
				16687B7E2DC920F1004F9969 /* FriendsAppStarterTests */,
				16687B882DC920F1004F9969 /* FriendsAppStarterUITests */,
			);
		};
/* End PBXProject section */

/* Begin PBXResourcesBuildPhase section */
		16687B6C2DC920EF004F9969 /* Resources */ = {
			isa = PBXResourcesBuildPhase;
			buildActionMask = 2147483647;
			files = (
				16687B792DC920F0004F9969 /* Preview Assets.xcassets in Resources */,
				16687B762DC920F0004F9969 /* Assets.xcassets in Resources */,
			);
			runOnlyForDeploymentPostprocessing = 0;
		};
		16687B7D2DC920F1004F9969 /* Resources */ = {
			isa = PBXResourcesBuildPhase;
			buildActionMask = 2147483647;
			files = (
			);
			runOnlyForDeploymentPostprocessing = 0;
		};
		16687B872DC920F1004F9969 /* Resources */ = {
			isa = PBXResourcesBuildPhase;
			buildActionMask = 2147483647;
			files = (
			);
			runOnlyForDeploymentPostprocessing = 0;
		};
/* End PBXResourcesBuildPhase section */

/* Begin PBXSourcesBuildPhase section */
		16687B6A2DC920EF004F9969 /* Sources */ = {
			isa = PBXSourcesBuildPhase;
			buildActionMask = 2147483647;
			files = (
				16687BA12DC92266004F9969 /* FriendsViewModel.swift in Sources */,
				16687B9D2DC9210E004F9969 /* Friend.swift in Sources */,
				16687B742DC920EF004F9969 /* RandomFriendsView.swift in Sources */,
				16687BB52DCA1D77004F9969 /* TagViews.swift in Sources */,
				16687BB72DCA1DD6004F9969 /* AvatarView.swift in Sources */,
				16687BA32DC9228A004F9969 /* FriendsListView.swift in Sources */,
				16687B9F2DC9223A004F9969 /* FriendDetailView.swift in Sources */,
				16687BAE2DC9253B004F9969 /* FriendsService.swift in Sources */,
				16687BA92DC924EC004F9969 /* FriendRowView.swift in Sources */,
				16687BB32DCA1CC6004F9969 /* AddEditFriendView.swift in Sources */,
				16687BB12DCA1774004F9969 /* FriendsApp.swift in Sources */,
			);
			runOnlyForDeploymentPostprocessing = 0;
		};
		16687B7B2DC920F1004F9969 /* Sources */ = {
			isa = PBXSourcesBuildPhase;
			buildActionMask = 2147483647;
			files = (
				16687B842DC920F1004F9969 /* FriendsAppStarterTests.swift in Sources */,
			);
			runOnlyForDeploymentPostprocessing = 0;
		};
		16687B852DC920F1004F9969 /* Sources */ = {
			isa = PBXSourcesBuildPhase;
			buildActionMask = 2147483647;
			files = (
				16687B902DC920F1004F9969 /* FriendsAppStarterUITestsLaunchTests.swift in Sources */,
				16687B8E2DC920F1004F9969 /* FriendsAppStarterUITests.swift in Sources */,
			);
			runOnlyForDeploymentPostprocessing = 0;
		};
/* End PBXSourcesBuildPhase section */

/* Begin PBXTargetDependency section */
		16687B812DC920F1004F9969 /* PBXTargetDependency */ = {
			isa = PBXTargetDependency;
			target = 16687B6D2DC920EF004F9969 /* FriendsAppStarter */;
			targetProxy = 16687B802DC920F1004F9969 /* PBXContainerItemProxy */;
		};
		16687B8B2DC920F1004F9969 /* PBXTargetDependency */ = {
			isa = PBXTargetDependency;
			target = 16687B6D2DC920EF004F9969 /* FriendsAppStarter */;
			targetProxy = 16687B8A2DC920F1004F9969 /* PBXContainerItemProxy */;
		};
/* End PBXTargetDependency section */

/* Begin XCBuildConfiguration section */
		16687B912DC920F1004F9969 /* Debug */ = {
			isa = XCBuildConfiguration;
			buildSettings = {
				ALWAYS_SEARCH_USER_PATHS = NO;
				CLANG_ANALYZER_NONNULL = YES;
				CLANG_ANALYZER_NUMBER_OBJECT_CONVERSION = YES_AGGRESSIVE;
				CLANG_CXX_LANGUAGE_STANDARD = "gnu++20";
				CLANG_ENABLE_MODULES = YES;
				CLANG_ENABLE_OBJC_ARC = YES;
				CLANG_ENABLE_OBJC_WEAK = YES;
				CLANG_WARN_BLOCK_CAPTURE_AUTORELEASING = YES;
				CLANG_WARN_BOOL_CONVERSION = YES;
				CLANG_WARN_COMMA = YES;
				CLANG_WARN_CONSTANT_CONVERSION = YES;
				CLANG_WARN_DEPRECATED_OBJC_IMPLEMENTATIONS = YES;
				CLANG_WARN_DIRECT_OBJC_ISA_USAGE = YES_ERROR;
				CLANG_WARN_DOCUMENTATION_COMMENTS = YES;
				CLANG_WARN_EMPTY_BODY = YES;
				CLANG_WARN_ENUM_CONVERSION = YES;
				CLANG_WARN_INFINITE_RECURSION = YES;
				CLANG_WARN_INT_CONVERSION = YES;
				CLANG_WARN_NON_LITERAL_NULL_CONVERSION = YES;
				CLANG_WARN_OBJC_IMPLICIT_RETAIN_SELF = YES;
				CLANG_WARN_OBJC_LITERAL_CONVERSION = YES;
				CLANG_WARN_OBJC_ROOT_CLASS = YES_ERROR;
				CLANG_WARN_QUOTED_INCLUDE_IN_FRAMEWORK_HEADER = YES;
				CLANG_WARN_RANGE_LOOP_ANALYSIS = YES;
				CLANG_WARN_STRICT_PROTOTYPES = YES;
				CLANG_WARN_SUSPICIOUS_MOVE = YES;
				CLANG_WARN_UNGUARDED_AVAILABILITY = YES_AGGRESSIVE;
				CLANG_WARN_UNREACHABLE_CODE = YES;
				CLANG_WARN__DUPLICATE_METHOD_MATCH = YES;
				COPY_PHASE_STRIP = NO;
				DEBUG_INFORMATION_FORMAT = dwarf;
				ENABLE_STRICT_OBJC_MSGSEND = YES;
				ENABLE_TESTABILITY = YES;
				GCC_C_LANGUAGE_STANDARD = gnu11;
				GCC_DYNAMIC_NO_PIC = NO;
				GCC_NO_COMMON_BLOCKS = YES;
				GCC_OPTIMIZATION_LEVEL = 0;
				GCC_PREPROCESSOR_DEFINITIONS = (
					"DEBUG=1",
					"$(inherited)",
				);
				GCC_WARN_64_TO_32_BIT_CONVERSION = YES;
				GCC_WARN_ABOUT_RETURN_TYPE = YES_ERROR;
				GCC_WARN_UNDECLARED_SELECTOR = YES;
				GCC_WARN_UNINITIALIZED_AUTOS = YES_AGGRESSIVE;
				GCC_WARN_UNUSED_FUNCTION = YES;
				GCC_WARN_UNUSED_VARIABLE = YES;
				MACOSX_DEPLOYMENT_TARGET = 12.7;
				MTL_ENABLE_DEBUG_INFO = INCLUDE_SOURCE;
				MTL_FAST_MATH = YES;
				ONLY_ACTIVE_ARCH = YES;
				SDKROOT = macosx;
				SWIFT_ACTIVE_COMPILATION_CONDITIONS = DEBUG;
				SWIFT_OPTIMIZATION_LEVEL = "-Onone";
			};
			name = Debug;
		};
		16687B922DC920F1004F9969 /* Release */ = {
			isa = XCBuildConfiguration;
			buildSettings = {
				ALWAYS_SEARCH_USER_PATHS = NO;
				CLANG_ANALYZER_NONNULL = YES;
				CLANG_ANALYZER_NUMBER_OBJECT_CONVERSION = YES_AGGRESSIVE;
				CLANG_CXX_LANGUAGE_STANDARD = "gnu++20";
				CLANG_ENABLE_MODULES = YES;
				CLANG_ENABLE_OBJC_ARC = YES;
				CLANG_ENABLE_OBJC_WEAK = YES;
				CLANG_WARN_BLOCK_CAPTURE_AUTORELEASING = YES;
				CLANG_WARN_BOOL_CONVERSION = YES;
				CLANG_WARN_COMMA = YES;
				CLANG_WARN_CONSTANT_CONVERSION = YES;
				CLANG_WARN_DEPRECATED_OBJC_IMPLEMENTATIONS = YES;
				CLANG_WARN_DIRECT_OBJC_ISA_USAGE = YES_ERROR;
				CLANG_WARN_DOCUMENTATION_COMMENTS = YES;
				CLANG_WARN_EMPTY_BODY = YES;
				CLANG_WARN_ENUM_CONVERSION = YES;
				CLANG_WARN_INFINITE_RECURSION = YES;
				CLANG_WARN_INT_CONVERSION = YES;
				CLANG_WARN_NON_LITERAL_NULL_CONVERSION = YES;
				CLANG_WARN_OBJC_IMPLICIT_RETAIN_SELF = YES;
				CLANG_WARN_OBJC_LITERAL_CONVERSION = YES;
				CLANG_WARN_OBJC_ROOT_CLASS = YES_ERROR;
				CLANG_WARN_QUOTED_INCLUDE_IN_FRAMEWORK_HEADER = YES;
				CLANG_WARN_RANGE_LOOP_ANALYSIS = YES;
				CLANG_WARN_STRICT_PROTOTYPES = YES;
				CLANG_WARN_SUSPICIOUS_MOVE = YES;
				CLANG_WARN_UNGUARDED_AVAILABILITY = YES_AGGRESSIVE;
				CLANG_WARN_UNREACHABLE_CODE = YES;
				CLANG_WARN__DUPLICATE_METHOD_MATCH = YES;
				COPY_PHASE_STRIP = NO;
				DEBUG_INFORMATION_FORMAT = "dwarf-with-dsym";
				ENABLE_NS_ASSERTIONS = NO;
				ENABLE_STRICT_OBJC_MSGSEND = YES;
				GCC_C_LANGUAGE_STANDARD = gnu11;
				GCC_NO_COMMON_BLOCKS = YES;
				GCC_WARN_64_TO_32_BIT_CONVERSION = YES;
				GCC_WARN_ABOUT_RETURN_TYPE = YES_ERROR;
				GCC_WARN_UNDECLARED_SELECTOR = YES;
				GCC_WARN_UNINITIALIZED_AUTOS = YES_AGGRESSIVE;
				GCC_WARN_UNUSED_FUNCTION = YES;
				GCC_WARN_UNUSED_VARIABLE = YES;
				MACOSX_DEPLOYMENT_TARGET = 12.7;
				MTL_ENABLE_DEBUG_INFO = NO;
				MTL_FAST_MATH = YES;
				SDKROOT = macosx;
				SWIFT_COMPILATION_MODE = wholemodule;
				SWIFT_OPTIMIZATION_LEVEL = "-O";
			};
			name = Release;
		};
		16687B942DC920F1004F9969 /* Debug */ = {
			isa = XCBuildConfiguration;
			buildSettings = {
				ASSETCATALOG_COMPILER_APPICON_NAME = AppIcon;
				ASSETCATALOG_COMPILER_GLOBAL_ACCENT_COLOR_NAME = AccentColor;
				CODE_SIGN_ENTITLEMENTS = FriendsAppStarter/FriendsAppStarter.entitlements;
				CODE_SIGN_STYLE = Automatic;
				COMBINE_HIDPI_IMAGES = YES;
				CURRENT_PROJECT_VERSION = 1;
				DEVELOPMENT_ASSET_PATHS = "\"FriendsAppStarter/Preview Content\"";
				ENABLE_PREVIEWS = YES;
				GENERATE_INFOPLIST_FILE = YES;
				INFOPLIST_KEY_NSHumanReadableCopyright = "";
				LD_RUNPATH_SEARCH_PATHS = (
					"$(inherited)",
					"@executable_path/../Frameworks",
				);
				MARKETING_VERSION = 1.0;
				PRODUCT_BUNDLE_IDENTIFIER = hwina.FriendsAppStarter;
				PRODUCT_NAME = "$(TARGET_NAME)";
				SUPPORTED_PLATFORMS = "iphoneos iphonesimulator macosx";
				SUPPORTS_MACCATALYST = NO;
				SUPPORTS_MAC_DESIGNED_FOR_IPHONE_IPAD = NO;
				SWIFT_EMIT_LOC_STRINGS = YES;
				SWIFT_VERSION = 5.0;
				TARGETED_DEVICE_FAMILY = 1;
			};
			name = Debug;
		};
		16687B952DC920F1004F9969 /* Release */ = {
			isa = XCBuildConfiguration;
			buildSettings = {
				ASSETCATALOG_COMPILER_APPICON_NAME = AppIcon;
				ASSETCATALOG_COMPILER_GLOBAL_ACCENT_COLOR_NAME = AccentColor;
				CODE_SIGN_ENTITLEMENTS = FriendsAppStarter/FriendsAppStarter.entitlements;
				CODE_SIGN_STYLE = Automatic;
				COMBINE_HIDPI_IMAGES = YES;
				CURRENT_PROJECT_VERSION = 1;
				DEVELOPMENT_ASSET_PATHS = "\"FriendsAppStarter/Preview Content\"";
				ENABLE_PREVIEWS = YES;
				GENERATE_INFOPLIST_FILE = YES;
				INFOPLIST_KEY_NSHumanReadableCopyright = "";
				LD_RUNPATH_SEARCH_PATHS = (
					"$(inherited)",
					"@executable_path/../Frameworks",
				);
				MARKETING_VERSION = 1.0;
				PRODUCT_BUNDLE_IDENTIFIER = hwina.FriendsAppStarter;
				PRODUCT_NAME = "$(TARGET_NAME)";
				SUPPORTED_PLATFORMS = "iphoneos iphonesimulator macosx";
				SUPPORTS_MACCATALYST = NO;
				SUPPORTS_MAC_DESIGNED_FOR_IPHONE_IPAD = NO;
				SWIFT_EMIT_LOC_STRINGS = YES;
				SWIFT_VERSION = 5.0;
				TARGETED_DEVICE_FAMILY = 1;
			};
			name = Release;
		};
		16687B972DC920F1004F9969 /* Debug */ = {
			isa = XCBuildConfiguration;
			buildSettings = {
				ALWAYS_EMBED_SWIFT_STANDARD_LIBRARIES = YES;
				BUNDLE_LOADER = "$(TEST_HOST)";
				CODE_SIGN_STYLE = Automatic;
				CURRENT_PROJECT_VERSION = 1;
				GENERATE_INFOPLIST_FILE = YES;
				MACOSX_DEPLOYMENT_TARGET = 12.7;
				MARKETING_VERSION = 1.0;
				PRODUCT_BUNDLE_IDENTIFIER = hwina.FriendsAppStarterTests;
				PRODUCT_NAME = "$(TARGET_NAME)";
				SWIFT_EMIT_LOC_STRINGS = NO;
				SWIFT_VERSION = 5.0;
				TEST_HOST = "$(BUILT_PRODUCTS_DIR)/FriendsAppStarter.app/$(BUNDLE_EXECUTABLE_FOLDER_PATH)/FriendsAppStarter";
			};
			name = Debug;
		};
		16687B982DC920F1004F9969 /* Release */ = {
			isa = XCBuildConfiguration;
			buildSettings = {
				ALWAYS_EMBED_SWIFT_STANDARD_LIBRARIES = YES;
				BUNDLE_LOADER = "$(TEST_HOST)";
				CODE_SIGN_STYLE = Automatic;
				CURRENT_PROJECT_VERSION = 1;
				GENERATE_INFOPLIST_FILE = YES;
				MACOSX_DEPLOYMENT_TARGET = 12.7;
				MARKETING_VERSION = 1.0;
				PRODUCT_BUNDLE_IDENTIFIER = hwina.FriendsAppStarterTests;
				PRODUCT_NAME = "$(TARGET_NAME)";
				SWIFT_EMIT_LOC_STRINGS = NO;
				SWIFT_VERSION = 5.0;
				TEST_HOST = "$(BUILT_PRODUCTS_DIR)/FriendsAppStarter.app/$(BUNDLE_EXECUTABLE_FOLDER_PATH)/FriendsAppStarter";
			};
			name = Release;
		};
		16687B9A2DC920F1004F9969 /* Debug */ = {
			isa = XCBuildConfiguration;
			buildSettings = {
				ALWAYS_EMBED_SWIFT_STANDARD_LIBRARIES = YES;
				CODE_SIGN_STYLE = Automatic;
				CURRENT_PROJECT_VERSION = 1;
				GENERATE_INFOPLIST_FILE = YES;
				MARKETING_VERSION = 1.0;
				PRODUCT_BUNDLE_IDENTIFIER = hwina.FriendsAppStarterUITests;
				PRODUCT_NAME = "$(TARGET_NAME)";
				SWIFT_EMIT_LOC_STRINGS = NO;
				SWIFT_VERSION = 5.0;
				TEST_TARGET_NAME = FriendsAppStarter;
			};
			name = Debug;
		};
		16687B9B2DC920F1004F9969 /* Release */ = {
			isa = XCBuildConfiguration;
			buildSettings = {
				ALWAYS_EMBED_SWIFT_STANDARD_LIBRARIES = YES;
				CODE_SIGN_STYLE = Automatic;
				CURRENT_PROJECT_VERSION = 1;
				GENERATE_INFOPLIST_FILE = YES;
				MARKETING_VERSION = 1.0;
				PRODUCT_BUNDLE_IDENTIFIER = hwina.FriendsAppStarterUITests;
				PRODUCT_NAME = "$(TARGET_NAME)";
				SWIFT_EMIT_LOC_STRINGS = NO;
				SWIFT_VERSION = 5.0;
				TEST_TARGET_NAME = FriendsAppStarter;
			};
			name = Release;
		};
/* End XCBuildConfiguration section */

/* Begin XCConfigurationList section */
		16687B692DC920EF004F9969 /* Build configuration list for PBXProject "FriendsAppStarter" */ = {
			isa = XCConfigurationList;
			buildConfigurations = (
				16687B912DC920F1004F9969 /* Debug */,
				16687B922DC920F1004F9969 /* Release */,
			);
			defaultConfigurationIsVisible = 0;
			defaultConfigurationName = Release;
		};
		16687B932DC920F1004F9969 /* Build configuration list for PBXNativeTarget "FriendsAppStarter" */ = {
			isa = XCConfigurationList;
			buildConfigurations = (
				16687B942DC920F1004F9969 /* Debug */,
				16687B952DC920F1004F9969 /* Release */,
			);
			defaultConfigurationIsVisible = 0;
			defaultConfigurationName = Release;
		};
		16687B962DC920F1004F9969 /* Build configuration list for PBXNativeTarget "FriendsAppStarterTests" */ = {
			isa = XCConfigurationList;
			buildConfigurations = (
				16687B972DC920F1004F9969 /* Debug */,
				16687B982DC920F1004F9969 /* Release */,
			);
			defaultConfigurationIsVisible = 0;
			defaultConfigurationName = Release;
		};
		16687B992DC920F1004F9969 /* Build configuration list for PBXNativeTarget "FriendsAppStarterUITests" */ = {
			isa = XCConfigurationList;
			buildConfigurations = (
				16687B9A2DC920F1004F9969 /* Debug */,
				16687B9B2DC920F1004F9969 /* Release */,
			);
			defaultConfigurationIsVisible = 0;
			defaultConfigurationName = Release;
		};
/* End XCConfigurationList section */
	};
	rootObject = 16687B662DC920EF004F9969 /* Project object */;
}
